
Microsoft Visual Studio Solution File, Format Version 12.00
# Visual Studio Version 16
VisualStudioVersion = 16.0.29609.76
MinimumVisualStudioVersion = 10.0.40219.1
Project("{FAE04EC0-301F-11D3-BF4B-00C04F79EFBC}") = "WebApplication6", "WebApplication6\WebApplication6.csproj", "{C6B5363C-56A8-419B-A922-19EFEAC0D940}"
EndProject
Global
	GlobalSection(SolutionConfigurationPlatforms) = preSolution
		Debug|Any CPU = Debug|Any CPU
		Release|Any CPU = Release|Any CPU
	EndGlobalSection
	GlobalSection(ProjectConfigurationPlatforms) = postSolution
		{C6B5363C-56A8-419B-A922-19EFEAC0D940}.Debug|Any CPU.ActiveCfg = Debug|Any CPU
		{C6B5363C-56A8-419B-A922-19EFEAC0D940}.Debug|Any CPU.Build.0 = Debug|Any CPU
		{C6B5363C-56A8-419B-A922-19EFEAC0D940}.Release|Any CPU.ActiveCfg = Release|Any CPU
		{C6B5363C-56A8-419B-A922-19EFEAC0D940}.Release|Any CPU.Build.0 = Release|Any CPU
	EndGlobalSection
	GlobalSection(SolutionProperties) = preSolution
		HideSolutionNode = FALSE
	EndGlobalSection
	GlobalSection(ExtensibilityGlobals) = postSolution
		SolutionGuid = {BDBAB9E0-B138-4EE5-B84C-7CC2B6DF9C82}
	EndGlobalSection
EndGlobal
